
Microsoft Visual Studio Solution File, Format Version 12.00
# Visual Studio Version 16
VisualStudioVersion = 16.0.29424.173
MinimumVisualStudioVersion = 10.0.40219.1
Project("{FAE04EC0-301F-11D3-BF4B-00C04F79EFBC}") = "dotNet5780_02_1037_5201", "dotNet5780_02_1037_5201\dotNet5780_02_1037_5201.csproj", "{A3927A08-D06A-460A-B909-132488BD84FF}"
EndProject
Global
	GlobalSection(SolutionConfigurationPlatforms) = preSolution
		Debug|Any CPU = Debug|Any CPU
		Release|Any CPU = Release|Any CPU
	EndGlobalSection
	GlobalSection(ProjectConfigurationPlatforms) = postSolution
		{A3927A08-D06A-460A-B909-132488BD84FF}.Debug|Any CPU.ActiveCfg = Debug|Any CPU
		{A3927A08-D06A-460A-B909-132488BD84FF}.Debug|Any CPU.Build.0 = Debug|Any CPU
		{A3927A08-D06A-460A-B909-132488BD84FF}.Release|Any CPU.ActiveCfg = Release|Any CPU
		{A3927A08-D06A-460A-B909-132488BD84FF}.Release|Any CPU.Build.0 = Release|Any CPU
	EndGlobalSection
	GlobalSection(SolutionProperties) = preSolution
		HideSolutionNode = FALSE
	EndGlobalSection
	GlobalSection(ExtensibilityGlobals) = postSolution
		SolutionGuid = {977CC8D9-4191-4283-A4E4-02850FE84CCC}
	EndGlobalSection
EndGlobal
